
Microsoft Visual Studio Solution File, Format Version 12.00
# Visual Studio Version 16
VisualStudioVersion = 16.0.29230.47
MinimumVisualStudioVersion = 10.0.40219.1
Project("{FAE04EC0-301F-11D3-BF4B-00C04F79EFBC}") = "rp799815_MIS4200", "rp799815_MIS4200.csproj", "{CC999DFF-78AB-42F7-8C22-7C3F7F1C4BA8}"
EndProject
Global
	GlobalSection(SolutionConfigurationPlatforms) = preSolution
		Debug|Any CPU = Debug|Any CPU
		Release|Any CPU = Release|Any CPU
	EndGlobalSection
	GlobalSection(ProjectConfigurationPlatforms) = postSolution
		{CC999DFF-78AB-42F7-8C22-7C3F7F1C4BA8}.Debug|Any CPU.ActiveCfg = Debug|Any CPU
		{CC999DFF-78AB-42F7-8C22-7C3F7F1C4BA8}.Debug|Any CPU.Build.0 = Debug|Any CPU
		{CC999DFF-78AB-42F7-8C22-7C3F7F1C4BA8}.Release|Any CPU.ActiveCfg = Release|Any CPU
		{CC999DFF-78AB-42F7-8C22-7C3F7F1C4BA8}.Release|Any CPU.Build.0 = Release|Any CPU
	EndGlobalSection
	GlobalSection(SolutionProperties) = preSolution
		HideSolutionNode = FALSE
	EndGlobalSection
	GlobalSection(ExtensibilityGlobals) = postSolution
		SolutionGuid = {C9CFA07D-D2E4-4F04-9DCD-220A9778E03A}
	EndGlobalSection
EndGlobal
